
Microsoft Visual Studio Solution File, Format Version 12.00
# Visual Studio 14
VisualStudioVersion = 14.0.25123.0
MinimumVisualStudioVersion = 10.0.40219.1
Project("{2150E333-8FDC-42A3-9474-1A3956D46DE8}") = "src", "src", "{E5F5A72D-7CE6-4F70-BC8C-F25F360C98A3}"
EndProject
Project("{2150E333-8FDC-42A3-9474-1A3956D46DE8}") = "Solution Items", "Solution Items", "{3CC8DF80-D4AE-4C0F-8187-69B11B3AE51A}"
	ProjectSection(SolutionItems) = preProject
		global.json = global.json
	EndProjectSection
EndProject
Project("{8BB2217D-0F2D-49D1-97BC-3654ED321F3B}") = "PhoneDirectoryPS", "src\PhoneDirectoryPS\PhoneDirectoryPS.xproj", "{54A42A2C-5F75-4BA5-93F7-4ACD1BBD3CC9}"
EndProject
Global
	GlobalSection(SolutionConfigurationPlatforms) = preSolution
		Debug|Any CPU = Debug|Any CPU
		Release|Any CPU = Release|Any CPU
	EndGlobalSection
	GlobalSection(ProjectConfigurationPlatforms) = postSolution
		{54A42A2C-5F75-4BA5-93F7-4ACD1BBD3CC9}.Debug|Any CPU.ActiveCfg = Debug|Any CPU
		{54A42A2C-5F75-4BA5-93F7-4ACD1BBD3CC9}.Debug|Any CPU.Build.0 = Debug|Any CPU
		{54A42A2C-5F75-4BA5-93F7-4ACD1BBD3CC9}.Release|Any CPU.ActiveCfg = Release|Any CPU
		{54A42A2C-5F75-4BA5-93F7-4ACD1BBD3CC9}.Release|Any CPU.Build.0 = Release|Any CPU
	EndGlobalSection
	GlobalSection(SolutionProperties) = preSolution
		HideSolutionNode = FALSE
	EndGlobalSection
	GlobalSection(NestedProjects) = preSolution
		{54A42A2C-5F75-4BA5-93F7-4ACD1BBD3CC9} = {E5F5A72D-7CE6-4F70-BC8C-F25F360C98A3}
	EndGlobalSection
EndGlobal
